// !$*UTF8*$!
{
	archiveVersion = 1;
	classes = {
	};
	objectVersion = 55;
	objects = {

/* Begin PBXBuildFile section */
		7A1E5E4F287C630B00900AE0 /* QuizView.swift in Sources */ = {isa = PBXBuildFile; fileRef = 7A1E5E4E287C630B00900AE0 /* QuizView.swift */; };
		7A1E5E51287C698B00900AE0 /* ResultsView.swift in Sources */ = {isa = PBXBuildFile; fileRef = 7A1E5E50287C698B00900AE0 /* ResultsView.swift */; };
		7A1E5E53287C69E400900AE0 /* AnswersSummaryView.swift in Sources */ = {isa = PBXBuildFile; fileRef = 7A1E5E52287C69E400900AE0 /* AnswersSummaryView.swift */; };
		7A283D81287EF2A5000E3157 /* ResultsListView.swift in Sources */ = {isa = PBXBuildFile; fileRef = 7A283D80287EF2A5000E3157 /* ResultsListView.swift */; };
		7A2A1154287F05A100E3EAEB /* Chart.swift in Sources */ = {isa = PBXBuildFile; fileRef = 7A2A1153287F05A100E3EAEB /* Chart.swift */; };
		7A2A1157287F5A1D00E3EAEB /* PrivacyPolicyView.swift in Sources */ = {isa = PBXBuildFile; fileRef = 7A2A1156287F5A1D00E3EAEB /* PrivacyPolicyView.swift */; };
		7A45BF20287CB33100ADCF87 /* InfoView.swift in Sources */ = {isa = PBXBuildFile; fileRef = 7A45BF1F287CB33100ADCF87 /* InfoView.swift */; };
		7A94436F287DC8180021EE73 /* SettingsView.swift in Sources */ = {isa = PBXBuildFile; fileRef = 7A94436E287DC8180021EE73 /* SettingsView.swift */; };
		7A944374287DD0B20021EE73 /* SettingsViewModel.swift in Sources */ = {isa = PBXBuildFile; fileRef = 7A944373287DD0B20021EE73 /* SettingsViewModel.swift */; };
		7A9B1497287C23CE0001A16A /* PhysiologyQuizApp.swift in Sources */ = {isa = PBXBuildFile; fileRef = 7A9B1496287C23CE0001A16A /* PhysiologyQuizApp.swift */; };
		7A9B1499287C23CE0001A16A /* ContentView.swift in Sources */ = {isa = PBXBuildFile; fileRef = 7A9B1498287C23CE0001A16A /* ContentView.swift */; };
		7A9B149B287C23CF0001A16A /* Assets.xcassets in Resources */ = {isa = PBXBuildFile; fileRef = 7A9B149A287C23CF0001A16A /* Assets.xcassets */; };
		7A9B149E287C23CF0001A16A /* Preview Assets.xcassets in Resources */ = {isa = PBXBuildFile; fileRef = 7A9B149D287C23CF0001A16A /* Preview Assets.xcassets */; };
		7A9B14A5287C26AB0001A16A /* Question.swift in Sources */ = {isa = PBXBuildFile; fileRef = 7A9B14A4287C26AB0001A16A /* Question.swift */; };
		7A9B14A9287C280E0001A16A /* ViewModel.swift in Sources */ = {isa = PBXBuildFile; fileRef = 7A9B14A8287C280E0001A16A /* ViewModel.swift */; };
		7A9B14AC287C2DC40001A16A /* questions.json in Resources */ = {isa = PBXBuildFile; fileRef = 7A9B14AB287C2DC40001A16A /* questions.json */; };
		7A9B14B1287C51980001A16A /* AllQuestionsView.swift in Sources */ = {isa = PBXBuildFile; fileRef = 7A9B14B0287C51980001A16A /* AllQuestionsView.swift */; };
		7A9B14B5287C5FC70001A16A /* QuestionDetailView.swift in Sources */ = {isa = PBXBuildFile; fileRef = 7A9B14B4287C5FC70001A16A /* QuestionDetailView.swift */; };
/* End PBXBuildFile section */

/* Begin PBXFileReference section */
		7A1E5E4E287C630B00900AE0 /* QuizView.swift */ = {isa = PBXFileReference; lastKnownFileType = sourcecode.swift; path = QuizView.swift; sourceTree = "<group>"; };
		7A1E5E50287C698B00900AE0 /* ResultsView.swift */ = {isa = PBXFileReference; lastKnownFileType = sourcecode.swift; path = ResultsView.swift; sourceTree = "<group>"; };
		7A1E5E52287C69E400900AE0 /* AnswersSummaryView.swift */ = {isa = PBXFileReference; lastKnownFileType = sourcecode.swift; path = AnswersSummaryView.swift; sourceTree = "<group>"; };
		7A283D80287EF2A5000E3157 /* ResultsListView.swift */ = {isa = PBXFileReference; lastKnownFileType = sourcecode.swift; path = ResultsListView.swift; sourceTree = "<group>"; };
		7A2A1153287F05A100E3EAEB /* Chart.swift */ = {isa = PBXFileReference; lastKnownFileType = sourcecode.swift; path = Chart.swift; sourceTree = "<group>"; };
		7A2A1156287F5A1D00E3EAEB /* PrivacyPolicyView.swift */ = {isa = PBXFileReference; lastKnownFileType = sourcecode.swift; path = PrivacyPolicyView.swift; sourceTree = "<group>"; };
		7A45BF1F287CB33100ADCF87 /* InfoView.swift */ = {isa = PBXFileReference; lastKnownFileType = sourcecode.swift; path = InfoView.swift; sourceTree = "<group>"; };
		7A94436E287DC8180021EE73 /* SettingsView.swift */ = {isa = PBXFileReference; lastKnownFileType = sourcecode.swift; path = SettingsView.swift; sourceTree = "<group>"; };
		7A944373287DD0B20021EE73 /* SettingsViewModel.swift */ = {isa = PBXFileReference; lastKnownFileType = sourcecode.swift; path = SettingsViewModel.swift; sourceTree = "<group>"; };
		7A9B1493287C23CE0001A16A /* PhysiologyQuiz.app */ = {isa = PBXFileReference; explicitFileType = wrapper.application; includeInIndex = 0; path = PhysiologyQuiz.app; sourceTree = BUILT_PRODUCTS_DIR; };
		7A9B1496287C23CE0001A16A /* PhysiologyQuizApp.swift */ = {isa = PBXFileReference; lastKnownFileType = sourcecode.swift; path = PhysiologyQuizApp.swift; sourceTree = "<group>"; };
		7A9B1498287C23CE0001A16A /* ContentView.swift */ = {isa = PBXFileReference; lastKnownFileType = sourcecode.swift; path = ContentView.swift; sourceTree = "<group>"; };
		7A9B149A287C23CF0001A16A /* Assets.xcassets */ = {isa = PBXFileReference; lastKnownFileType = folder.assetcatalog; path = Assets.xcassets; sourceTree = "<group>"; };
		7A9B149D287C23CF0001A16A /* Preview Assets.xcassets */ = {isa = PBXFileReference; lastKnownFileType = folder.assetcatalog; path = "Preview Assets.xcassets"; sourceTree = "<group>"; };
		7A9B14A4287C26AB0001A16A /* Question.swift */ = {isa = PBXFileReference; lastKnownFileType = sourcecode.swift; path = Question.swift; sourceTree = "<group>"; };
		7A9B14A8287C280E0001A16A /* ViewModel.swift */ = {isa = PBXFileReference; lastKnownFileType = sourcecode.swift; path = ViewModel.swift; sourceTree = "<group>"; };
		7A9B14AB287C2DC40001A16A /* questions.json */ = {isa = PBXFileReference; lastKnownFileType = text.json; path = questions.json; sourceTree = "<group>"; };
		7A9B14B0287C51980001A16A /* AllQuestionsView.swift */ = {isa = PBXFileReference; lastKnownFileType = sourcecode.swift; path = AllQuestionsView.swift; sourceTree = "<group>"; };
		7A9B14B4287C5FC70001A16A /* QuestionDetailView.swift */ = {isa = PBXFileReference; lastKnownFileType = sourcecode.swift; path = QuestionDetailView.swift; sourceTree = "<group>"; };
/* End PBXFileReference section */

/* Begin PBXFrameworksBuildPhase section */
		7A9B1490287C23CE0001A16A /* Frameworks */ = {
			isa = PBXFrameworksBuildPhase;
			buildActionMask = 2147483647;
			files = (
			);
			runOnlyForDeploymentPostprocessing = 0;
		};
/* End PBXFrameworksBuildPhase section */

/* Begin PBXGroup section */
		7A283D7F287EF27F000E3157 /* Results */ = {
			isa = PBXGroup;
			children = (
				7A1E5E50287C698B00900AE0 /* ResultsView.swift */,
				7A283D80287EF2A5000E3157 /* ResultsListView.swift */,
			);
			path = Results;
			sourceTree = "<group>";
		};
		7A2A114E287F003300E3EAEB /* Frameworks */ = {
			isa = PBXGroup;
			children = (
			);
			name = Frameworks;
			sourceTree = "<group>";
		};
		7A2A1155287F5A1100E3EAEB /* More */ = {
			isa = PBXGroup;
			children = (
				7A45BF1F287CB33100ADCF87 /* InfoView.swift */,
				7A2A1156287F5A1D00E3EAEB /* PrivacyPolicyView.swift */,
			);
			path = More;
			sourceTree = "<group>";
		};
		7A45BF21287CB3E200ADCF87 /* Quiz */ = {
			isa = PBXGroup;
			children = (
				7A283D7F287EF27F000E3157 /* Results */,
				7A944372287DCDCA0021EE73 /* AccessoryViews */,
				7A1E5E4E287C630B00900AE0 /* QuizView.swift */,
			);
			path = Quiz;
			sourceTree = "<group>";
		};
		7A45BF22287CB44F00ADCF87 /* Questions */ = {
			isa = PBXGroup;
			children = (
				7A9B14B0287C51980001A16A /* AllQuestionsView.swift */,
				7A9B14B4287C5FC70001A16A /* QuestionDetailView.swift */,
			);
			path = Questions;
			sourceTree = "<group>";
		};
		7A944372287DCDCA0021EE73 /* AccessoryViews */ = {
			isa = PBXGroup;
			children = (
				7A1E5E52287C69E400900AE0 /* AnswersSummaryView.swift */,
			);
			path = AccessoryViews;
			sourceTree = "<group>";
		};
		7A9B148A287C23CE0001A16A = {
			isa = PBXGroup;
			children = (
				7A9B1495287C23CE0001A16A /* PhysiologyQuiz */,
				7A9B1494287C23CE0001A16A /* Products */,
				7A2A114E287F003300E3EAEB /* Frameworks */,
			);
			sourceTree = "<group>";
		};
		7A9B1494287C23CE0001A16A /* Products */ = {
			isa = PBXGroup;
			children = (
				7A9B1493287C23CE0001A16A /* PhysiologyQuiz.app */,
			);
			name = Products;
			sourceTree = "<group>";
		};
		7A9B1495287C23CE0001A16A /* PhysiologyQuiz */ = {
			isa = PBXGroup;
			children = (
				7A9B14AA287C2DAD0001A16A /* Data */,
				7A9B14A7287C27FD0001A16A /* ViewModels */,
				7A9B14A6287C26E50001A16A /* Models */,
				7A9B14AF287C2F810001A16A /* Views */,
				7A9B1496287C23CE0001A16A /* PhysiologyQuizApp.swift */,
				7A9B149A287C23CF0001A16A /* Assets.xcassets */,
				7A9B149C287C23CF0001A16A /* Preview Content */,
			);
			path = PhysiologyQuiz;
			sourceTree = "<group>";
		};
		7A9B149C287C23CF0001A16A /* Preview Content */ = {
			isa = PBXGroup;
			children = (
				7A9B149D287C23CF0001A16A /* Preview Assets.xcassets */,
			);
			path = "Preview Content";
			sourceTree = "<group>";
		};
		7A9B14A6287C26E50001A16A /* Models */ = {
			isa = PBXGroup;
			children = (
				7A9B14A4287C26AB0001A16A /* Question.swift */,
			);
			path = Models;
			sourceTree = "<group>";
		};
		7A9B14A7287C27FD0001A16A /* ViewModels */ = {
			isa = PBXGroup;
			children = (
				7A9B14A8287C280E0001A16A /* ViewModel.swift */,
				7A944373287DD0B20021EE73 /* SettingsViewModel.swift */,
			);
			path = ViewModels;
			sourceTree = "<group>";
		};
		7A9B14AA287C2DAD0001A16A /* Data */ = {
			isa = PBXGroup;
			children = (
				7A9B14AB287C2DC40001A16A /* questions.json */,
			);
			path = Data;
			sourceTree = "<group>";
		};
		7A9B14AF287C2F810001A16A /* Views */ = {
			isa = PBXGroup;
			children = (
				7A2A1155287F5A1100E3EAEB /* More */,
				7A45BF22287CB44F00ADCF87 /* Questions */,
				7A45BF21287CB3E200ADCF87 /* Quiz */,
				7A94436E287DC8180021EE73 /* SettingsView.swift */,
				7A9B1498287C23CE0001A16A /* ContentView.swift */,
				7A2A1153287F05A100E3EAEB /* Chart.swift */,
			);
			path = Views;
			sourceTree = "<group>";
		};
/* End PBXGroup section */

/* Begin PBXNativeTarget section */
		7A9B1492287C23CE0001A16A /* PhysiologyQuiz */ = {
			isa = PBXNativeTarget;
			buildConfigurationList = 7A9B14A1287C23CF0001A16A /* Build configuration list for PBXNativeTarget "PhysiologyQuiz" */;
			buildPhases = (
				7A9B148F287C23CE0001A16A /* Sources */,
				7A9B1490287C23CE0001A16A /* Frameworks */,
				7A9B1491287C23CE0001A16A /* Resources */,
			);
			buildRules = (
			);
			dependencies = (
			);
			name = PhysiologyQuiz;
			packageProductDependencies = (
			);
			productName = PhysiologyQuiz;
			productReference = 7A9B1493287C23CE0001A16A /* PhysiologyQuiz.app */;
			productType = "com.apple.product-type.application";
		};
/* End PBXNativeTarget section */

/* Begin PBXProject section */
		7A9B148B287C23CE0001A16A /* Project object */ = {
			isa = PBXProject;
			attributes = {
				BuildIndependentTargetsInParallel = 1;
				LastSwiftUpdateCheck = 1400;
				LastUpgradeCheck = 1400;
				TargetAttributes = {
					7A9B1492287C23CE0001A16A = {
						CreatedOnToolsVersion = 14.0;
					};
				};
			};
			buildConfigurationList = 7A9B148E287C23CE0001A16A /* Build configuration list for PBXProject "PhysiologyQuiz" */;
			compatibilityVersion = "Xcode 13.0";
			developmentRegion = en;
			hasScannedForEncodings = 0;
			knownRegions = (
				en,
				Base,
			);
			mainGroup = 7A9B148A287C23CE0001A16A;
			packageReferences = (
			);
			productRefGroup = 7A9B1494287C23CE0001A16A /* Products */;
			projectDirPath = "";
			projectRoot = "";
			targets = (
				7A9B1492287C23CE0001A16A /* PhysiologyQuiz */,
			);
		};
/* End PBXProject section */

/* Begin PBXResourcesBuildPhase section */
		7A9B1491287C23CE0001A16A /* Resources */ = {
			isa = PBXResourcesBuildPhase;
			buildActionMask = 2147483647;
			files = (
				7A9B14AC287C2DC40001A16A /* questions.json in Resources */,
				7A9B149E287C23CF0001A16A /* Preview Assets.xcassets in Resources */,
				7A9B149B287C23CF0001A16A /* Assets.xcassets in Resources */,
			);
			runOnlyForDeploymentPostprocessing = 0;
		};
/* End PBXResourcesBuildPhase section */

/* Begin PBXSourcesBuildPhase section */
		7A9B148F287C23CE0001A16A /* Sources */ = {
			isa = PBXSourcesBuildPhase;
			buildActionMask = 2147483647;
			files = (
				7A9B14A5287C26AB0001A16A /* Question.swift in Sources */,
				7A1E5E51287C698B00900AE0 /* ResultsView.swift in Sources */,
				7A9B1499287C23CE0001A16A /* ContentView.swift in Sources */,
				7A2A1157287F5A1D00E3EAEB /* PrivacyPolicyView.swift in Sources */,
				7A9B14A9287C280E0001A16A /* ViewModel.swift in Sources */,
				7A45BF20287CB33100ADCF87 /* InfoView.swift in Sources */,
				7A9B14B5287C5FC70001A16A /* QuestionDetailView.swift in Sources */,
				7A9B14B1287C51980001A16A /* AllQuestionsView.swift in Sources */,
				7A944374287DD0B20021EE73 /* SettingsViewModel.swift in Sources */,
				7A2A1154287F05A100E3EAEB /* Chart.swift in Sources */,
				7A283D81287EF2A5000E3157 /* ResultsListView.swift in Sources */,
				7A1E5E4F287C630B00900AE0 /* QuizView.swift in Sources */,
				7A94436F287DC8180021EE73 /* SettingsView.swift in Sources */,
				7A9B1497287C23CE0001A16A /* PhysiologyQuizApp.swift in Sources */,
				7A1E5E53287C69E400900AE0 /* AnswersSummaryView.swift in Sources */,
			);
			runOnlyForDeploymentPostprocessing = 0;
		};
/* End PBXSourcesBuildPhase section */

/* Begin XCBuildConfiguration section */
		7A9B149F287C23CF0001A16A /* Debug */ = {
			isa = XCBuildConfiguration;
			buildSettings = {
				ALWAYS_SEARCH_USER_PATHS = NO;
				CLANG_ANALYZER_NONNULL = YES;
				CLANG_ANALYZER_NUMBER_OBJECT_CONVERSION = YES_AGGRESSIVE;
				CLANG_CXX_LANGUAGE_STANDARD = "gnu++17";
				CLANG_ENABLE_MODULES = YES;
				CLANG_ENABLE_OBJC_ARC = YES;
				CLANG_ENABLE_OBJC_WEAK = YES;
				CLANG_WARN_BLOCK_CAPTURE_AUTORELEASING = YES;
				CLANG_WARN_BOOL_CONVERSION = YES;
				CLANG_WARN_COMMA = YES;
				CLANG_WARN_CONSTANT_CONVERSION = YES;
				CLANG_WARN_DEPRECATED_OBJC_IMPLEMENTATIONS = YES;
				CLANG_WARN_DIRECT_OBJC_ISA_USAGE = YES_ERROR;
				CLANG_WARN_DOCUMENTATION_COMMENTS = YES;
				CLANG_WARN_EMPTY_BODY = YES;
				CLANG_WARN_ENUM_CONVERSION = YES;
				CLANG_WARN_INFINITE_RECURSION = YES;
				CLANG_WARN_INT_CONVERSION = YES;
				CLANG_WARN_NON_LITERAL_NULL_CONVERSION = YES;
				CLANG_WARN_OBJC_IMPLICIT_RETAIN_SELF = YES;
				CLANG_WARN_OBJC_LITERAL_CONVERSION = YES;
				CLANG_WARN_OBJC_ROOT_CLASS = YES_ERROR;
				CLANG_WARN_QUOTED_INCLUDE_IN_FRAMEWORK_HEADER = YES;
				CLANG_WARN_RANGE_LOOP_ANALYSIS = YES;
				CLANG_WARN_STRICT_PROTOTYPES = YES;
				CLANG_WARN_SUSPICIOUS_MOVE = YES;
				CLANG_WARN_UNGUARDED_AVAILABILITY = YES_AGGRESSIVE;
				CLANG_WARN_UNREACHABLE_CODE = YES;
				CLANG_WARN__DUPLICATE_METHOD_MATCH = YES;
				COPY_PHASE_STRIP = NO;
				DEBUG_INFORMATION_FORMAT = dwarf;
				ENABLE_STRICT_OBJC_MSGSEND = YES;
				ENABLE_TESTABILITY = YES;
				GCC_C_LANGUAGE_STANDARD = gnu11;
				GCC_DYNAMIC_NO_PIC = NO;
				GCC_NO_COMMON_BLOCKS = YES;
				GCC_OPTIMIZATION_LEVEL = 0;
				GCC_PREPROCESSOR_DEFINITIONS = (
					"DEBUG=1",
					"$(inherited)",
				);
				GCC_WARN_64_TO_32_BIT_CONVERSION = YES;
				GCC_WARN_ABOUT_RETURN_TYPE = YES_ERROR;
				GCC_WARN_UNDECLARED_SELECTOR = YES;
				GCC_WARN_UNINITIALIZED_AUTOS = YES_AGGRESSIVE;
				GCC_WARN_UNUSED_FUNCTION = YES;
				GCC_WARN_UNUSED_VARIABLE = YES;
				IPHONEOS_DEPLOYMENT_TARGET = 15.0;
				MTL_ENABLE_DEBUG_INFO = INCLUDE_SOURCE;
				MTL_FAST_MATH = YES;
				ONLY_ACTIVE_ARCH = YES;
				SDKROOT = iphoneos;
				SWIFT_ACTIVE_COMPILATION_CONDITIONS = DEBUG;
				SWIFT_OPTIMIZATION_LEVEL = "-Onone";
			};
			name = Debug;
		};
		7A9B14A0287C23CF0001A16A /* Release */ = {
			isa = XCBuildConfiguration;
			buildSettings = {
				ALWAYS_SEARCH_USER_PATHS = NO;
				CLANG_ANALYZER_NONNULL = YES;
				CLANG_ANALYZER_NUMBER_OBJECT_CONVERSION = YES_AGGRESSIVE;
				CLANG_CXX_LANGUAGE_STANDARD = "gnu++17";
				CLANG_ENABLE_MODULES = YES;
				CLANG_ENABLE_OBJC_ARC = YES;
				CLANG_ENABLE_OBJC_WEAK = YES;
				CLANG_WARN_BLOCK_CAPTURE_AUTORELEASING = YES;
				CLANG_WARN_BOOL_CONVERSION = YES;
				CLANG_WARN_COMMA = YES;
				CLANG_WARN_CONSTANT_CONVERSION = YES;
				CLANG_WARN_DEPRECATED_OBJC_IMPLEMENTATIONS = YES;
				CLANG_WARN_DIRECT_OBJC_ISA_USAGE = YES_ERROR;
				CLANG_WARN_DOCUMENTATION_COMMENTS = YES;
				CLANG_WARN_EMPTY_BODY = YES;
				CLANG_WARN_ENUM_CONVERSION = YES;
				CLANG_WARN_INFINITE_RECURSION = YES;
				CLANG_WARN_INT_CONVERSION = YES;
				CLANG_WARN_NON_LITERAL_NULL_CONVERSION = YES;
				CLANG_WARN_OBJC_IMPLICIT_RETAIN_SELF = YES;
				CLANG_WARN_OBJC_LITERAL_CONVERSION = YES;
				CLANG_WARN_OBJC_ROOT_CLASS = YES_ERROR;
				CLANG_WARN_QUOTED_INCLUDE_IN_FRAMEWORK_HEADER = YES;
				CLANG_WARN_RANGE_LOOP_ANALYSIS = YES;
				CLANG_WARN_STRICT_PROTOTYPES = YES;
				CLANG_WARN_SUSPICIOUS_MOVE = YES;
				CLANG_WARN_UNGUARDED_AVAILABILITY = YES_AGGRESSIVE;
				CLANG_WARN_UNREACHABLE_CODE = YES;
				CLANG_WARN__DUPLICATE_METHOD_MATCH = YES;
				COPY_PHASE_STRIP = NO;
				DEBUG_INFORMATION_FORMAT = "dwarf-with-dsym";
				ENABLE_NS_ASSERTIONS = NO;
				ENABLE_STRICT_OBJC_MSGSEND = YES;
				GCC_C_LANGUAGE_STANDARD = gnu11;
				GCC_NO_COMMON_BLOCKS = YES;
				GCC_WARN_64_TO_32_BIT_CONVERSION = YES;
				GCC_WARN_ABOUT_RETURN_TYPE = YES_ERROR;
				GCC_WARN_UNDECLARED_SELECTOR = YES;
				GCC_WARN_UNINITIALIZED_AUTOS = YES_AGGRESSIVE;
				GCC_WARN_UNUSED_FUNCTION = YES;
				GCC_WARN_UNUSED_VARIABLE = YES;
				IPHONEOS_DEPLOYMENT_TARGET = 15.0;
				MTL_ENABLE_DEBUG_INFO = NO;
				MTL_FAST_MATH = YES;
				SDKROOT = iphoneos;
				SWIFT_COMPILATION_MODE = wholemodule;
				SWIFT_OPTIMIZATION_LEVEL = "-O";
				VALIDATE_PRODUCT = YES;
			};
			name = Release;
		};
		7A9B14A2287C23CF0001A16A /* Debug */ = {
			isa = XCBuildConfiguration;
			buildSettings = {
				ASSETCATALOG_COMPILER_APPICON_NAME = AppIcon;
				ASSETCATALOG_COMPILER_GLOBAL_ACCENT_COLOR_NAME = AccentColor;
				CODE_SIGN_STYLE = Automatic;
				CURRENT_PROJECT_VERSION = 1;
				DEVELOPMENT_ASSET_PATHS = "\"PhysiologyQuiz/Preview Content\"";
				DEVELOPMENT_TEAM = 5NGS8V42NF;
				ENABLE_PREVIEWS = YES;
				GENERATE_INFOPLIST_FILE = YES;
				INFOPLIST_KEY_CFBundleDisplayName = "Quiz Fisiologia";
				INFOPLIST_KEY_UIApplicationSceneManifest_Generation = YES;
				INFOPLIST_KEY_UIApplicationSupportsIndirectInputEvents = YES;
				INFOPLIST_KEY_UILaunchScreen_Generation = YES;
				INFOPLIST_KEY_UISupportedInterfaceOrientations = "UIInterfaceOrientationLandscapeLeft UIInterfaceOrientationLandscapeRight UIInterfaceOrientationPortrait";
				IPHONEOS_DEPLOYMENT_TARGET = 15.0;
				LD_RUNPATH_SEARCH_PATHS = (
					"$(inherited)",
					"@executable_path/Frameworks",
				);
				MARKETING_VERSION = 1.0.0;
				PRODUCT_BUNDLE_IDENTIFIER = com.federicociardi.PhysiologyQuiz;
				PRODUCT_NAME = "$(TARGET_NAME)";
				SUPPORTED_PLATFORMS = "iphoneos iphonesimulator";
				SUPPORTS_MACCATALYST = NO;
				SUPPORTS_MAC_DESIGNED_FOR_IPHONE_IPAD = YES;
				SWIFT_EMIT_LOC_STRINGS = YES;
				SWIFT_VERSION = 5.0;
				TARGETED_DEVICE_FAMILY = "1,2";
			};
			name = Debug;
		};
		7A9B14A3287C23CF0001A16A /* Release */ = {
			isa = XCBuildConfiguration;
			buildSettings = {
				ASSETCATALOG_COMPILER_APPICON_NAME = AppIcon;
				ASSETCATALOG_COMPILER_GLOBAL_ACCENT_COLOR_NAME = AccentColor;
				CODE_SIGN_STYLE = Automatic;
				CURRENT_PROJECT_VERSION = 1;
				DEVELOPMENT_ASSET_PATHS = "\"PhysiologyQuiz/Preview Content\"";
				DEVELOPMENT_TEAM = 5NGS8V42NF;
				ENABLE_PREVIEWS = YES;
				GENERATE_INFOPLIST_FILE = YES;
				INFOPLIST_KEY_CFBundleDisplayName = "Quiz Fisiologia";
				INFOPLIST_KEY_UIApplicationSceneManifest_Generation = YES;
				INFOPLIST_KEY_UIApplicationSupportsIndirectInputEvents = YES;
				INFOPLIST_KEY_UILaunchScreen_Generation = YES;
				INFOPLIST_KEY_UISupportedInterfaceOrientations = "UIInterfaceOrientationLandscapeLeft UIInterfaceOrientationLandscapeRight UIInterfaceOrientationPortrait";
				IPHONEOS_DEPLOYMENT_TARGET = 15.0;
				LD_RUNPATH_SEARCH_PATHS = (
					"$(inherited)",
					"@executable_path/Frameworks",
				);
				MARKETING_VERSION = 1.0.0;
				PRODUCT_BUNDLE_IDENTIFIER = com.federicociardi.PhysiologyQuiz;
				PRODUCT_NAME = "$(TARGET_NAME)";
				SUPPORTED_PLATFORMS = "iphoneos iphonesimulator";
				SUPPORTS_MACCATALYST = NO;
				SUPPORTS_MAC_DESIGNED_FOR_IPHONE_IPAD = YES;
				SWIFT_EMIT_LOC_STRINGS = YES;
				SWIFT_VERSION = 5.0;
				TARGETED_DEVICE_FAMILY = "1,2";
			};
			name = Release;
		};
/* End XCBuildConfiguration section */

/* Begin XCConfigurationList section */
		7A9B148E287C23CE0001A16A /* Build configuration list for PBXProject "PhysiologyQuiz" */ = {
			isa = XCConfigurationList;
			buildConfigurations = (
				7A9B149F287C23CF0001A16A /* Debug */,
				7A9B14A0287C23CF0001A16A /* Release */,
			);
			defaultConfigurationIsVisible = 0;
			defaultConfigurationName = Release;
		};
		7A9B14A1287C23CF0001A16A /* Build configuration list for PBXNativeTarget "PhysiologyQuiz" */ = {
			isa = XCConfigurationList;
			buildConfigurations = (
				7A9B14A2287C23CF0001A16A /* Debug */,
				7A9B14A3287C23CF0001A16A /* Release */,
			);
			defaultConfigurationIsVisible = 0;
			defaultConfigurationName = Release;
		};
/* End XCConfigurationList section */
	};
	rootObject = 7A9B148B287C23CE0001A16A /* Project object */;
}
